{
  "name": "home-assistant",
  "version": "0.0.0",
  "lockfileVersion": 1,
  "requires": true,
  "dependencies": {
    "@lit/reactive-element": {
      "version": "1.3.2",
      "resolved": "https://registry.npmjs.org/@lit/reactive-element/-/reactive-element-1.3.2.tgz",
      "integrity": "sha512-A2e18XzPMrIh35nhIdE4uoqRzoIpEU5vZYuQN4S3Ee1zkGdYC27DP12pewbw/RLgPHzaE4kx/YqxMzebOpm0dA=="
    },
    "@material/animation": {
      "version": "14.0.0-canary.261f2db59.0",
      "resolved": "https://registry.npmjs.org/@material/animation/-/animation-14.0.0-canary.261f2db59.0.tgz",
      "integrity": "sha512-OjxWJYSRNs4vnPe8NclaNn+TsNc8TR/wHusGtezF5F+wl+5mh+K69BMXAmURtq3idoRg4XaOSC/Ohk1ovD1fMQ==",
      "requires": {
        "tslib": "^2.1.0"
      }
    },
    "@material/base": {
      "version": "14.0.0-canary.261f2db59.0",
      "resolved": "https://registry.npmjs.org/@material/base/-/base-14.0.0-canary.261f2db59.0.tgz",
      "integrity": "sha512-vy5SQt+jcwwdRFfBvtpVdpULUBujecVUKOXcopaQoi2XIzI5EBHuR4gPN0cd1yfmVEucD6p2fvVv2FJ3Ngr61w==",
      "requires": {
        "tslib": "^2.1.0"
      }
    },
    "@material/button": {
      "version": "14.0.0-canary.261f2db59.0",
      "resolved": "https://registry.npmjs.org/@material/button/-/button-14.0.0-canary.261f2db59.0.tgz",
      "integrity": "sha512-DB0MAvdIGWKuFwlQ57hjv7ZuHIioT2mnG7RWtL7ZoCWoY45nCrsbJirmX5zZFipm9gIOJ3YnIkIrUyMVSrDX+g==",
      "requires": {
        "@material/density": "14.0.0-canary.261f2db59.0",
        "@material/dom": "14.0.0-canary.261f2db59.0",
        "@material/elevation": "14.0.0-canary.261f2db59.0",
        "@material/feature-targeting": "14.0.0-canary.261f2db59.0",
        "@material/ripple": "14.0.0-canary.261f2db59.0",
        "@material/rtl": "14.0.0-canary.261f2db59.0",
        "@material/shape": "14.0.0-canary.261f2db59.0",
        "@material/theme": "14.0.0-canary.261f2db59.0",
        "@material/tokens": "14.0.0-canary.261f2db59.0",
        "@material/touch-target": "14.0.0-canary.261f2db59.0",
        "@material/typography": "14.0.0-canary.261f2db59.0",
        "tslib": "^2.1.0"
      }
    },
    "@material/density": {
      "version": "14.0.0-canary.261f2db59.0",
      "resolved": "https://registry.npmjs.org/@material/density/-/density-14.0.0-canary.261f2db59.0.tgz",
      "integrity": "sha512-zOR5wISqPVr8KS/ERNC1jdRV9O832lzclyS9Ea20rDrWfuOiYsQ9bbIk12xWlxpgsn7r9fxQJyd1O2SURoHdRA==",
      "requires": {
        "tslib": "^2.1.0"
      }
    },
    "@material/dom": {
      "version": "14.0.0-canary.261f2db59.0",
      "resolved": "https://registry.npmjs.org/@material/dom/-/dom-14.0.0-canary.261f2db59.0.tgz",
      "integrity": "sha512-iUpZG6Bb2l/PfNV2Fb/pXfG1p4Bz4PC9A7ATPlKfcU5HioObcnYVc/+Hrtaw8eu28BNIc+VVROtbfpqG/YgKSQ==",
      "requires": {
        "@material/feature-targeting": "14.0.0-canary.261f2db59.0",
        "tslib": "^2.1.0"
      }
    },
    "@material/elevation": {
      "version": "14.0.0-canary.261f2db59.0",
      "resolved": "https://registry.npmjs.org/@material/elevation/-/elevation-14.0.0-canary.261f2db59.0.tgz",
      "integrity": "sha512-AqN/tsTGGyBzZ7CtoSMBY9bDYvCuUt98EUfiGjZGXcf4HgoHV3Cn/JSLrhru5Cq8Nx6HF6AmHh3dQCfNCQduew==",
      "requires": {
        "@material/animation": "14.0.0-canary.261f2db59.0",
        "@material/base": "14.0.0-canary.261f2db59.0",
        "@material/feature-targeting": "14.0.0-canary.261f2db59.0",
        "@material/rtl": "14.0.0-canary.261f2db59.0",
        "@material/theme": "14.0.0-canary.261f2db59.0",
        "tslib": "^2.1.0"
      }
    },
    "@material/feature-targeting": {
      "version": "14.0.0-canary.261f2db59.0",
      "resolved": "https://registry.npmjs.org/@material/feature-targeting/-/feature-targeting-14.0.0-canary.261f2db59.0.tgz",
      "integrity": "sha512-CrVoGNu0ym52OPEKy3kgeNL2oSWOCBYbYxSH3GhERxCq5FwGBN+XmK/ZDLFVQlHYy3v8x4TqVEwXviCeumNTxQ==",
      "requires": {
        "tslib": "^2.1.0"
      }
    },
    "@material/icon-button": {
      "version": "14.0.0-canary.261f2db59.0",
      "resolved": "https://registry.npmjs.org/@material/icon-button/-/icon-button-14.0.0-canary.261f2db59.0.tgz",
      "integrity": "sha512-9P6cjRqKtjE6ML+r5yz0ExU/f2KLdNabHQxmO6RpKd/FnjTyP1NcWqqj8dsvo/DZ7mOtT1MIThgkQDdiMqcYLg==",
      "requires": {
        "@material/base": "14.0.0-canary.261f2db59.0",
        "@material/density": "14.0.0-canary.261f2db59.0",
        "@material/elevation": "14.0.0-canary.261f2db59.0",
        "@material/feature-targeting": "14.0.0-canary.261f2db59.0",
        "@material/ripple": "14.0.0-canary.261f2db59.0",
        "@material/rtl": "14.0.0-canary.261f2db59.0",
        "@material/theme": "14.0.0-canary.261f2db59.0",
        "@material/touch-target": "14.0.0-canary.261f2db59.0",
        "tslib": "^2.1.0"
      }
    },
    "@material/list": {
      "version": "14.0.0-canary.261f2db59.0",
      "resolved": "https://registry.npmjs.org/@material/list/-/list-14.0.0-canary.261f2db59.0.tgz",
      "integrity": "sha512-bjHXXk2ZeWxAFs4cJxy5J5A5ClUd3FGjRv/LwCYpsh7Dm7e8kSe8Lw2MWb6FXyF3mDJM6xqN3xXQWOh6UEu5wA==",
      "requires": {
        "@material/base": "14.0.0-canary.261f2db59.0",
        "@material/density": "14.0.0-canary.261f2db59.0",
        "@material/dom": "14.0.0-canary.261f2db59.0",
        "@material/feature-targeting": "14.0.0-canary.261f2db59.0",
        "@material/ripple": "14.0.0-canary.261f2db59.0",
        "@material/rtl": "14.0.0-canary.261f2db59.0",
        "@material/shape": "14.0.0-canary.261f2db59.0",
        "@material/theme": "14.0.0-canary.261f2db59.0",
        "@material/typography": "14.0.0-canary.261f2db59.0",
        "tslib": "^2.1.0"
      }
    },
    "@material/menu": {
      "version": "14.0.0-canary.261f2db59.0",
      "resolved": "https://registry.npmjs.org/@material/menu/-/menu-14.0.0-canary.261f2db59.0.tgz",
      "integrity": "sha512-x59UHoTLvEsPKjFdffrKTgEyc0T4W3m58RsizAmapXr59Uthq8+PTFOkAv9R1PV/ZCzxay7Vx+QcekC4qOr40A==",
      "requires": {
        "@material/base": "14.0.0-canary.261f2db59.0",
        "@material/dom": "14.0.0-canary.261f2db59.0",
        "@material/elevation": "14.0.0-canary.261f2db59.0",
        "@material/feature-targeting": "14.0.0-canary.261f2db59.0",
        "@material/list": "14.0.0-canary.261f2db59.0",
        "@material/menu-surface": "14.0.0-canary.261f2db59.0",
        "@material/ripple": "14.0.0-canary.261f2db59.0",
        "@material/rtl": "14.0.0-canary.261f2db59.0",
        "@material/theme": "14.0.0-canary.261f2db59.0",
        "tslib": "^2.1.0"
      }
    },
    "@material/menu-surface": {
      "version": "14.0.0-canary.261f2db59.0",
      "resolved": "https://registry.npmjs.org/@material/menu-surface/-/menu-surface-14.0.0-canary.261f2db59.0.tgz",
      "integrity": "sha512-zv/fv/W3zdSb+c/p6GNcOqA3+wAc/r8MOtV53WJPLlvZZSpGoTwHUp+GPiNeovfbsTSxN95XOXuVQBEfKEb8vA==",
      "requires": {
        "@material/animation": "14.0.0-canary.261f2db59.0",
        "@material/base": "14.0.0-canary.261f2db59.0",
        "@material/elevation": "14.0.0-canary.261f2db59.0",
        "@material/feature-targeting": "14.0.0-canary.261f2db59.0",
        "@material/rtl": "14.0.0-canary.261f2db59.0",
        "@material/shape": "14.0.0-canary.261f2db59.0",
        "@material/theme": "14.0.0-canary.261f2db59.0",
        "tslib": "^2.1.0"
      }
    },
    "@material/mwc-base": {
      "version": "0.25.3",
      "resolved": "https://registry.npmjs.org/@material/mwc-base/-/mwc-base-0.25.3.tgz",
      "integrity": "sha512-4wvxZ9dhPr0O4jjOHPmFyn77pafe+h1gHPlT9sbQ+ly8NY/fSn/TXn7/PbxgL8g4ZHxMvD3o7PJopg+6cbHp8Q==",
      "requires": {
        "@lit/reactive-element": "1.0.0-rc.4",
        "@material/base": "=14.0.0-canary.261f2db59.0",
        "@material/dom": "=14.0.0-canary.261f2db59.0",
        "lit": "^2.0.0",
        "tslib": "^2.0.1"
      },
      "dependencies": {
        "@lit/reactive-element": {
          "version": "1.0.0-rc.4",
          "resolved": "https://registry.npmjs.org/@lit/reactive-element/-/reactive-element-1.0.0-rc.4.tgz",
          "integrity": "sha512-dJMha+4NFYdpnUJzRrWTFV5Hdp9QHWFuPnaoqonrKl4lGJVnYez9mu8ev9F/5KM47tjAjh22DuRHrdFDHfOijA=="
        }
      }
    },
    "@material/mwc-button": {
      "version": "0.25.3",
      "resolved": "https://registry.npmjs.org/@material/mwc-button/-/mwc-button-0.25.3.tgz",
      "integrity": "sha512-usHEKchj9hqetY7n0yebTz1Pk9Z+9W/sNZheFoSaiWQCv9XhtCdKkHH0MXTv8SpwxWuEKUf/XjtyvikGIcIn7w==",
      "requires": {
        "@material/mwc-icon": "^0.25.3",
        "@material/mwc-ripple": "^0.25.3",
        "lit": "^2.0.0",
        "tslib": "^2.0.1"
      }
    },
    "@material/mwc-checkbox": {
      "version": "0.25.3",
      "resolved": "https://registry.npmjs.org/@material/mwc-checkbox/-/mwc-checkbox-0.25.3.tgz",
      "integrity": "sha512-PSh9IAgQK4XiDzBwgclheejkA4cbZ3K9V1JTTl/YVRDD/OLLM+Bh8tbnAg/1kGVlPWOUfDrYCcZ0gg472ca7gw==",
      "requires": {
        "@material/mwc-base": "^0.25.3",
        "@material/mwc-ripple": "^0.25.3",
        "lit": "^2.0.0",
        "tslib": "^2.0.1"
      }
    },
    "@material/mwc-fab": {
      "version": "0.25.3",
      "resolved": "https://registry.npmjs.org/@material/mwc-fab/-/mwc-fab-0.25.3.tgz",
      "integrity": "sha512-XE1BQNKAEear+Uq58s+DjZe6yw7kiiQofdayXjbKVRf5VS4Kdd0PDfb8sIYyRbwszknVB9jmisk9LQjHTfzs7w==",
      "requires": {
        "@material/mwc-ripple": "^0.25.3",
        "lit": "^2.0.0",
        "tslib": "^2.0.1"
      }
    },
    "@material/mwc-icon": {
      "version": "0.25.3",
      "resolved": "https://registry.npmjs.org/@material/mwc-icon/-/mwc-icon-0.25.3.tgz",
      "integrity": "sha512-36076AWZIRSr8qYOLjuDDkxej/HA0XAosrj7TS1ZeLlUBnLUtbDtvc1S7KSa0hqez7ouzOqGaWK24yoNnTa2OA==",
      "requires": {
        "lit": "^2.0.0",
        "tslib": "^2.0.1"
      }
    },
    "@material/mwc-icon-button": {
      "version": "0.25.3",
      "resolved": "https://registry.npmjs.org/@material/mwc-icon-button/-/mwc-icon-button-0.25.3.tgz",
      "integrity": "sha512-FexkMpK3ZSHh7NF+PIqvVhvAbBOgFDYPck/lqnxIDC3VGJ0rjD/1MqevDy2fY6IcHGlc8Ai7VuYbdQ6Cvw8WcQ==",
      "requires": {
        "@material/mwc-ripple": "^0.25.3",
        "lit": "^2.0.0",
        "tslib": "^2.0.1"
      }
    },
    "@material/mwc-list": {
      "version": "0.25.3",
      "resolved": "https://registry.npmjs.org/@material/mwc-list/-/mwc-list-0.25.3.tgz",
      "integrity": "sha512-2T297qVaQsKv+QDNP2ag9g04RLKO1tm2F6BwwqvdbXTsY+LKYOJe2/aSe0kX2tQLayX4ydy2RnTevo9Ld+c+4g==",
      "requires": {
        "@material/base": "=14.0.0-canary.261f2db59.0",
        "@material/dom": "=14.0.0-canary.261f2db59.0",
        "@material/list": "=14.0.0-canary.261f2db59.0",
        "@material/mwc-base": "^0.25.3",
        "@material/mwc-checkbox": "^0.25.3",
        "@material/mwc-radio": "^0.25.3",
        "@material/mwc-ripple": "^0.25.3",
        "lit": "^2.0.0",
        "tslib": "^2.0.1"
      }
    },
    "@material/mwc-menu": {
      "version": "0.25.3",
      "resolved": "https://registry.npmjs.org/@material/mwc-menu/-/mwc-menu-0.25.3.tgz",
      "integrity": "sha512-jr5R61BfqrJC0lsAI63y4BsEM2eY3n6kiCy2ZnwinmxrfFrS709T/zuSUUW/xG9b9inSku4WjjSkDhPzQrmS3g==",
      "requires": {
        "@material/menu": "=14.0.0-canary.261f2db59.0",
        "@material/menu-surface": "=14.0.0-canary.261f2db59.0",
        "@material/mwc-base": "^0.25.3",
        "@material/mwc-list": "^0.25.3",
        "@material/shape": "=14.0.0-canary.261f2db59.0",
        "@material/theme": "=14.0.0-canary.261f2db59.0",
        "lit": "^2.0.0",
        "tslib": "^2.0.1"
      }
    },
    "@material/mwc-radio": {
      "version": "0.25.3",
      "resolved": "https://registry.npmjs.org/@material/mwc-radio/-/mwc-radio-0.25.3.tgz",
      "integrity": "sha512-SXpVDrsQnz7+2w/kfBxcOJ4P+uJ0RxBd9mCLE7wVyN53gDLkNHqA0npdl2PNpRaaMavVrt27L8wWo5QIT+7zWA==",
      "requires": {
        "@material/mwc-base": "^0.25.3",
        "@material/mwc-ripple": "^0.25.3",
        "@material/radio": "=14.0.0-canary.261f2db59.0",
        "lit": "^2.0.0",
        "tslib": "^2.0.1"
      }
    },
    "@material/mwc-ripple": {
      "version": "0.25.3",
      "resolved": "https://registry.npmjs.org/@material/mwc-ripple/-/mwc-ripple-0.25.3.tgz",
      "integrity": "sha512-G/gt/csxgME6/sAku3GiuB0O2LLvoPWsRTLq/9iABpaGLJjqaKHvNg/IVzNDdF3YZT7EORgR9cBWWl7umA4i4Q==",
      "requires": {
        "@material/dom": "=14.0.0-canary.261f2db59.0",
        "@material/mwc-base": "^0.25.3",
        "@material/ripple": "=14.0.0-canary.261f2db59.0",
        "lit": "^2.0.0",
        "tslib": "^2.0.1"
      }
    },
    "@material/mwc-snackbar": {
      "version": "0.25.3",
      "resolved": "https://registry.npmjs.org/@material/mwc-snackbar/-/mwc-snackbar-0.25.3.tgz",
      "integrity": "sha512-DJyWQl1rksv502qLQta81YQ3q3iy0GlVQcXZq88nBG9o64070qZW92rfZmiQ63MRwGbdNmrUFZ3QBoClY1JpFg==",
      "requires": {
        "@material/mwc-base": "^0.25.3",
        "@material/snackbar": "=14.0.0-canary.261f2db59.0",
        "lit": "^2.0.0",
        "tslib": "^2.0.1"
      }
    },
    "@material/radio": {
      "version": "14.0.0-canary.261f2db59.0",
      "resolved": "https://registry.npmjs.org/@material/radio/-/radio-14.0.0-canary.261f2db59.0.tgz",
      "integrity": "sha512-AvrsOqhP8UZ5d58RWgaTmQVlWQRULwk2BXhsEhtxz56CmTsyVM49thNbaNnc/TzuY9Ssxv/L2wYVbR2B3BX9Yw==",
      "requires": {
        "@material/animation": "14.0.0-canary.261f2db59.0",
        "@material/base": "14.0.0-canary.261f2db59.0",
        "@material/density": "14.0.0-canary.261f2db59.0",
        "@material/dom": "14.0.0-canary.261f2db59.0",
        "@material/feature-targeting": "14.0.0-canary.261f2db59.0",
        "@material/ripple": "14.0.0-canary.261f2db59.0",
        "@material/theme": "14.0.0-canary.261f2db59.0",
        "@material/touch-target": "14.0.0-canary.261f2db59.0",
        "tslib": "^2.1.0"
      }
    },
    "@material/ripple": {
      "version": "14.0.0-canary.261f2db59.0",
      "resolved": "https://registry.npmjs.org/@material/ripple/-/ripple-14.0.0-canary.261f2db59.0.tgz",
      "integrity": "sha512-3FLCLj8X7KrFfuYBHJg1b7Odb3V/AW7fxk3m1i1zhDnygKmlQ/abVucH1s2qbX3Y+JIiq+5/C5407h9BFtOf+A==",
      "requires": {
        "@material/animation": "14.0.0-canary.261f2db59.0",
        "@material/base": "14.0.0-canary.261f2db59.0",
        "@material/dom": "14.0.0-canary.261f2db59.0",
        "@material/feature-targeting": "14.0.0-canary.261f2db59.0",
        "@material/rtl": "14.0.0-canary.261f2db59.0",
        "@material/theme": "14.0.0-canary.261f2db59.0",
        "tslib": "^2.1.0"
      }
    },
    "@material/rtl": {
      "version": "14.0.0-canary.261f2db59.0",
      "resolved": "https://registry.npmjs.org/@material/rtl/-/rtl-14.0.0-canary.261f2db59.0.tgz",
      "integrity": "sha512-bVnXBbUsHs57+EXdeFbcwaKy3lT/itI/qTLmJ88ar0qaGEujO1GmESHm3ioqkeo4kQpTfDhBwQGeEi1aDaTdFg==",
      "requires": {
        "@material/theme": "14.0.0-canary.261f2db59.0",
        "tslib": "^2.1.0"
      }
    },
    "@material/shape": {
      "version": "14.0.0-canary.261f2db59.0",
      "resolved": "https://registry.npmjs.org/@material/shape/-/shape-14.0.0-canary.261f2db59.0.tgz",
      "integrity": "sha512-VjcQltd1uF9ugvLExMy00SMISjy/370o8lsZlb1T+xHyhXHL3UxeuWYLW5Amq6mbx65+c9Df9WmlXXOdebpEkw==",
      "requires": {
        "@material/feature-targeting": "14.0.0-canary.261f2db59.0",
        "@material/rtl": "14.0.0-canary.261f2db59.0",
        "@material/theme": "14.0.0-canary.261f2db59.0",
        "tslib": "^2.1.0"
      }
    },
    "@material/snackbar": {
      "version": "14.0.0-canary.261f2db59.0",
      "resolved": "https://registry.npmjs.org/@material/snackbar/-/snackbar-14.0.0-canary.261f2db59.0.tgz",
      "integrity": "sha512-RLxO0dWBmhU+3y/PCYN0oiQUvzw8cdeFLmiUN9BPn2unwmTPp5nUdaTde7TQ93vRNidyPtDnkEFnflunDCk2Ew==",
      "requires": {
        "@material/animation": "14.0.0-canary.261f2db59.0",
        "@material/base": "14.0.0-canary.261f2db59.0",
        "@material/button": "14.0.0-canary.261f2db59.0",
        "@material/dom": "14.0.0-canary.261f2db59.0",
        "@material/elevation": "14.0.0-canary.261f2db59.0",
        "@material/feature-targeting": "14.0.0-canary.261f2db59.0",
        "@material/icon-button": "14.0.0-canary.261f2db59.0",
        "@material/ripple": "14.0.0-canary.261f2db59.0",
        "@material/rtl": "14.0.0-canary.261f2db59.0",
        "@material/shape": "14.0.0-canary.261f2db59.0",
        "@material/theme": "14.0.0-canary.261f2db59.0",
        "@material/typography": "14.0.0-canary.261f2db59.0",
        "tslib": "^2.1.0"
      }
    },
    "@material/theme": {
      "version": "14.0.0-canary.261f2db59.0",
      "resolved": "https://registry.npmjs.org/@material/theme/-/theme-14.0.0-canary.261f2db59.0.tgz",
      "integrity": "sha512-bUqyFT0QF8Nxx02fekt3CXIfC9DEPOPdo2hjgdtvhrNP+vftbkI2tKZ5/uRUnVA+zqQAOyIl5z6FOMg4fyemCA==",
      "requires": {
        "@material/feature-targeting": "14.0.0-canary.261f2db59.0",
        "tslib": "^2.1.0"
      }
    },
    "@material/tokens": {
      "version": "14.0.0-canary.261f2db59.0",
      "resolved": "https://registry.npmjs.org/@material/tokens/-/tokens-14.0.0-canary.261f2db59.0.tgz",
      "integrity": "sha512-mgar9gsLv00HTvXIDvNR1vEEXpfKgeWhVTO8a7aWofSNyENNOVc5ImJwBgCAMb5SgLHBi6w8/c1tPzjOewBfCA==",
      "requires": {
        "@material/elevation": "14.0.0-canary.261f2db59.0"
      }
    },
    "@material/touch-target": {
      "version": "14.0.0-canary.261f2db59.0",
      "resolved": "https://registry.npmjs.org/@material/touch-target/-/touch-target-14.0.0-canary.261f2db59.0.tgz",
      "integrity": "sha512-xA6TTHN7aOTXg/+c6mQJlogzTD+Sp8WPC5TK8RBXbQxEykGXGW15p+H9pG+rX/gzD5iehnHRBrDUFmAGoskhcQ==",
      "requires": {
        "@material/base": "14.0.0-canary.261f2db59.0",
        "@material/feature-targeting": "14.0.0-canary.261f2db59.0",
        "@material/rtl": "14.0.0-canary.261f2db59.0",
        "tslib": "^2.1.0"
      }
    },
    "@material/typography": {
      "version": "14.0.0-canary.261f2db59.0",
      "resolved": "https://registry.npmjs.org/@material/typography/-/typography-14.0.0-canary.261f2db59.0.tgz",
      "integrity": "sha512-WOCdcNkD5KBRAwICcRqWBRG3cDkyrwK5USTNmG0oxnwnZAN7daOpPTdLppVAhadE7faj8d67ON+V9pH7+T62FQ==",
      "requires": {
        "@material/feature-targeting": "14.0.0-canary.261f2db59.0",
        "@material/theme": "14.0.0-canary.261f2db59.0",
        "tslib": "^2.1.0"
      }
    },
    "@types/trusted-types": {
      "version": "2.0.2",
      "resolved": "https://registry.npmjs.org/@types/trusted-types/-/trusted-types-2.0.2.tgz",
      "integrity": "sha512-F5DIZ36YVLE+PN+Zwws4kJogq47hNgX3Nx6WyDJ3kcplxyke3XIzB8uK5n/Lpm1HBsbGzd6nmGehL8cPekP+Tg=="
    },
    "esbuild": {
      "version": "0.14.44",
      "resolved": "https://registry.npmjs.org/esbuild/-/esbuild-0.14.44.tgz",
      "integrity": "sha512-Rn+lRRfj60r/3svI6NgAVnetzp3vMOj17BThuhshSj/gS1LR03xrjkDYyfPmrYG/0c3D68rC6FNYMQ3yRbiXeQ==",
      "dev": true,
      "requires": {
        "esbuild-android-64": "0.14.44",
        "esbuild-android-arm64": "0.14.44",
        "esbuild-darwin-64": "0.14.44",
        "esbuild-darwin-arm64": "0.14.44",
        "esbuild-freebsd-64": "0.14.44",
        "esbuild-freebsd-arm64": "0.14.44",
        "esbuild-linux-32": "0.14.44",
        "esbuild-linux-64": "0.14.44",
        "esbuild-linux-arm": "0.14.44",
        "esbuild-linux-arm64": "0.14.44",
        "esbuild-linux-mips64le": "0.14.44",
        "esbuild-linux-ppc64le": "0.14.44",
        "esbuild-linux-riscv64": "0.14.44",
        "esbuild-linux-s390x": "0.14.44",
        "esbuild-netbsd-64": "0.14.44",
        "esbuild-openbsd-64": "0.14.44",
        "esbuild-sunos-64": "0.14.44",
        "esbuild-windows-32": "0.14.44",
        "esbuild-windows-64": "0.14.44",
        "esbuild-windows-arm64": "0.14.44"
      }
    },
    "esbuild-android-64": {
      "version": "0.14.44",
      "resolved": "https://registry.npmjs.org/esbuild-android-64/-/esbuild-android-64-0.14.44.tgz",
      "integrity": "sha512-dFPHBXmx385zuJULAD/Cmq/LyPRXiAWbf9ylZtY0wJ8iVyWfKYaCYxeJx8OAZUuj46ZwNa7MzW2GBAQLOeiemg==",
      "dev": true,
      "optional": true
    },
    "esbuild-android-arm64": {
      "version": "0.14.44",
      "resolved": "https://registry.npmjs.org/esbuild-android-arm64/-/esbuild-android-arm64-0.14.44.tgz",
      "integrity": "sha512-qqaqqyxHXjZ/0ddKU3I3Nb7lAvVM69ELMhb8+91FyomAUmQPlHtxe+TTiWxXGHE72XEzcgTEGq4VauqLNkN22g==",
      "dev": true,
      "optional": true
    },
    "esbuild-darwin-64": {
      "version": "0.14.44",
      "resolved": "https://registry.npmjs.org/esbuild-darwin-64/-/esbuild-darwin-64-0.14.44.tgz",
      "integrity": "sha512-RBmtGKGY06+AW6IOJ1LE/dEeF7HH34C1/Ces9FSitU4bIbIpL4KEuQpTFoxwb4ry5s2hyw7vbPhhtyOd18FH9g==",
      "dev": true,
      "optional": true
    },
    "esbuild-darwin-arm64": {
      "version": "0.14.44",
      "resolved": "https://registry.npmjs.org/esbuild-darwin-arm64/-/esbuild-darwin-arm64-0.14.44.tgz",
      "integrity": "sha512-Bmhx5Cfo4Hdb7WyyyDupTB8HPmnFZ8baLfPlzLdYvF6OzsIbV+CY+m/AWf0OQvY40BlkzCLJ/7Lfwbb71Tngmg==",
      "dev": true,
      "optional": true
    },
    "esbuild-freebsd-64": {
      "version": "0.14.44",
      "resolved": "https://registry.npmjs.org/esbuild-freebsd-64/-/esbuild-freebsd-64-0.14.44.tgz",
      "integrity": "sha512-O4HpWa5ZgxbNPQTF7URicLzYa+TidGlmGT/RAC3GjbGEQQYkd0R1Slyh69Yrmb2qmcOcPAgWHbNo1UhK4WmZ4w==",
      "dev": true,
      "optional": true
    },
    "esbuild-freebsd-arm64": {
      "version": "0.14.44",
      "resolved": "https://registry.npmjs.org/esbuild-freebsd-arm64/-/esbuild-freebsd-arm64-0.14.44.tgz",
      "integrity": "sha512-f0/jkAKccnDY7mg1F9l/AMzEm+VXWXK6c3IrOEmd13jyKfpTZKTIlt+yI04THPDCDZTzXHTRUBLozqp+m8Mg5Q==",
      "dev": true,
      "optional": true
    },
    "esbuild-linux-32": {
      "version": "0.14.44",
      "resolved": "https://registry.npmjs.org/esbuild-linux-32/-/esbuild-linux-32-0.14.44.tgz",
      "integrity": "sha512-WSIhzLldMR7YUoEL7Ix319tC+NFmW9Pu7NgFWxUfOXeWsT0Wg484hm6bNgs7+oY2pGzg715y/Wrqi1uNOMmZJw==",
      "dev": true,
      "optional": true
    },
    "esbuild-linux-64": {
      "version": "0.14.44",
      "resolved": "https://registry.npmjs.org/esbuild-linux-64/-/esbuild-linux-64-0.14.44.tgz",
      "integrity": "sha512-zgscTrCMcRZRIsVugqBTP/B5lPLNchBlWjQ8sQq2Epnv+UDtYKgXEq1ctWAmibZNy2E9QRCItKMeIEqeTUT5kA==",
      "dev": true,
      "optional": true
    },
    "esbuild-linux-arm": {
      "version": "0.14.44",
      "resolved": "https://registry.npmjs.org/esbuild-linux-arm/-/esbuild-linux-arm-0.14.44.tgz",
      "integrity": "sha512-laPBPwGfsbBxGw6F6jnqic2CPXLyC1bPrmnSOeJ9oEnx1rcKkizd4HWCRUc0xv+l4z/USRfx/sEfYlWSLeqoJQ==",
      "dev": true,
      "optional": true
    },
    "esbuild-linux-arm64": {
      "version": "0.14.44",
      "resolved": "https://registry.npmjs.org/esbuild-linux-arm64/-/esbuild-linux-arm64-0.14.44.tgz",
      "integrity": "sha512-H0H/2/wgiScTwBve/JR8/o+Zhabx5KPk8T2mkYZFKQGl1hpUgC+AOmRyqy/Js3p66Wim4F4Akv3I3sJA1sKg0w==",
      "dev": true,
      "optional": true
    },
    "esbuild-linux-mips64le": {
      "version": "0.14.44",
      "resolved": "https://registry.npmjs.org/esbuild-linux-mips64le/-/esbuild-linux-mips64le-0.14.44.tgz",
      "integrity": "sha512-ri3Okw0aleYy7o5n9zlIq+FCtq3tcMlctN6X1H1ucILjBJuH8pan2trJPKWeb8ppntFvE28I9eEXhwkWh6wYKg==",
      "dev": true,
      "optional": true
    },
    "esbuild-linux-ppc64le": {
      "version": "0.14.44",
      "resolved": "https://registry.npmjs.org/esbuild-linux-ppc64le/-/esbuild-linux-ppc64le-0.14.44.tgz",
      "integrity": "sha512-96TqL/MvFRuIVXz+GtCIXzRQ43ZwEk4XTn0RWUNJduXXMDQ/V1iOV28U6x6Oe3NesK4xkoKSaK2+F3VHcU8ZrA==",
      "dev": true,
      "optional": true
    },
    "esbuild-linux-riscv64": {
      "version": "0.14.44",
      "resolved": "https://registry.npmjs.org/esbuild-linux-riscv64/-/esbuild-linux-riscv64-0.14.44.tgz",
      "integrity": "sha512-rrK9qEp2M8dhilsPn4T9gxUsAumkITc1kqYbpyNMr9EWo+J5ZBj04n3GYldULrcCw4ZCHAJ+qPjqr8b6kG2inA==",
      "dev": true,
      "optional": true
    },
    "esbuild-linux-s390x": {
      "version": "0.14.44",
      "resolved": "https://registry.npmjs.org/esbuild-linux-s390x/-/esbuild-linux-s390x-0.14.44.tgz",
      "integrity": "sha512-2YmTm9BrW5aUwBSe8wIEARd9EcnOQmkHp4+IVaO09Ez/C5T866x+ABzhG0bwx0b+QRo9q97CRMaQx2Ngb6/hfw==",
      "dev": true,
      "optional": true
    },
    "esbuild-netbsd-64": {
      "version": "0.14.44",
      "resolved": "https://registry.npmjs.org/esbuild-netbsd-64/-/esbuild-netbsd-64-0.14.44.tgz",
      "integrity": "sha512-zypdzPmZTCqYS30WHxbcvtC0E6e/ECvl4WueUdbdWhs2dfWJt5RtCBME664EpTznixR3lSN1MQ2NhwQF8MQryw==",
      "dev": true,
      "optional": true
    },
    "esbuild-openbsd-64": {
      "version": "0.14.44",
      "resolved": "https://registry.npmjs.org/esbuild-openbsd-64/-/esbuild-openbsd-64-0.14.44.tgz",
      "integrity": "sha512-8J43ab9ByYl7KteC03HGQjr2HY1ge7sN04lFnwMFWYk2NCn8IuaeeThvLeNjzOYhyT3I6K8puJP0uVXUu+D1xw==",
      "dev": true,
      "optional": true
    },
    "esbuild-sunos-64": {
      "version": "0.14.44",
      "resolved": "https://registry.npmjs.org/esbuild-sunos-64/-/esbuild-sunos-64-0.14.44.tgz",
      "integrity": "sha512-OH1/09CGUJwffA+HNM6mqPkSIyHVC3ZnURU/4CCIx7IqWUBn1Sh1HRLQC8/TWNgcs0/1u7ygnc2pgf/AHZJ/Ow==",
      "dev": true,
      "optional": true
    },
    "esbuild-windows-32": {
      "version": "0.14.44",
      "resolved": "https://registry.npmjs.org/esbuild-windows-32/-/esbuild-windows-32-0.14.44.tgz",
      "integrity": "sha512-mCAOL9/rRqwfOfxTu2sjq/eAIs7eAXGiU6sPBnowggI7QS953Iq6o3/uDu010LwfN7zr18c/lEj6/PTwwTB3AA==",
      "dev": true,
      "optional": true
    },
    "esbuild-windows-64": {
      "version": "0.14.44",
      "resolved": "https://registry.npmjs.org/esbuild-windows-64/-/esbuild-windows-64-0.14.44.tgz",
      "integrity": "sha512-AG6BH3+YG0s2Q/IfB1cm68FdyFnoE1P+GFbmgFO3tA4UIP8+BKsmKGGZ5I3+ZjcnzOwvT74bQRVrfnQow2KO5Q==",
      "dev": true,
      "optional": true
    },
    "esbuild-windows-arm64": {
      "version": "0.14.44",
      "resolved": "https://registry.npmjs.org/esbuild-windows-arm64/-/esbuild-windows-arm64-0.14.44.tgz",
      "integrity": "sha512-ygYPfYE5By4Sd6szsNr10B0RtWVNOSGmZABSaj4YQBLqh9b9i45VAjVWa8tyIy+UAbKF7WGwybi2wTbSVliO8A==",
      "dev": true,
      "optional": true
    },
    "fsevents": {
      "version": "2.3.2",
      "resolved": "https://registry.npmjs.org/fsevents/-/fsevents-2.3.2.tgz",
      "integrity": "sha512-xiqMQR4xAeHTuB9uWm+fFRcIOgKBMiOBP+eXiyT7jsgVCq1bkVygt00oASowB7EdtpOHaaPgKt812P9ab+DDKA==",
      "dev": true,
      "optional": true
    },
    "function-bind": {
      "version": "1.1.1",
      "resolved": "https://registry.npmjs.org/function-bind/-/function-bind-1.1.1.tgz",
      "integrity": "sha512-yIovAzMX49sF8Yl58fSCWJ5svSLuaibPxXQJFLmBObTuCr0Mf1KiPopGM9NiFjiYBCbfaa2Fh6breQ6ANVTI0A==",
      "dev": true
    },
    "has": {
      "version": "1.0.3",
      "resolved": "https://registry.npmjs.org/has/-/has-1.0.3.tgz",
      "integrity": "sha512-f2dvO0VU6Oej7RkWJGrehjbzMAjFp5/VKPp5tTpWIV4JHHZK1/BxbFRtf/siA2SWTe09caDmVtYYzWEIbBS4zw==",
      "dev": true,
      "requires": {
        "function-bind": "^1.1.1"
      }
    },
    "is-core-module": {
      "version": "2.9.0",
      "resolved": "https://registry.npmjs.org/is-core-module/-/is-core-module-2.9.0.tgz",
      "integrity": "sha512-+5FPy5PnwmO3lvfMb0AsoPaBG+5KHUI0wYFXOtYPnVVVspTFUuMZNfNaNVRt3FZadstu2c8x23vykRW/NBoU6A==",
      "dev": true,
      "requires": {
        "has": "^1.0.3"
      }
    },
    "lit": {
      "version": "2.2.6",
      "resolved": "https://registry.npmjs.org/lit/-/lit-2.2.6.tgz",
      "integrity": "sha512-K2vkeGABfSJSfkhqHy86ujchJs3NR9nW1bEEiV+bXDkbiQ60Tv5GUausYN2mXigZn8lC1qXuc46ArQRKYmumZw==",
      "requires": {
        "@lit/reactive-element": "^1.3.0",
        "lit-element": "^3.2.0",
        "lit-html": "^2.2.0"
      }
    },
    "lit-element": {
      "version": "3.2.0",
      "resolved": "https://registry.npmjs.org/lit-element/-/lit-element-3.2.0.tgz",
      "integrity": "sha512-HbE7yt2SnUtg5DCrWt028oaU4D5F4k/1cntAFHTkzY8ZIa8N0Wmu92PxSxucsQSOXlODFrICkQ5x/tEshKi13g==",
      "requires": {
        "@lit/reactive-element": "^1.3.0",
        "lit-html": "^2.2.0"
      }
    },
    "lit-html": {
      "version": "2.2.6",
      "resolved": "https://registry.npmjs.org/lit-html/-/lit-html-2.2.6.tgz",
      "integrity": "sha512-xOKsPmq/RAKJ6dUeOxhmOYFjcjf0Q7aSdfBJgdJkOfCUnkmmJPxNrlZpRBeVe1Gg50oYWMlgm6ccAE/SpJgSdw==",
      "requires": {
        "@types/trusted-types": "^2.0.2"
      }
    },
    "material-icons": {
      "version": "1.11.2",
      "resolved": "https://registry.npmjs.org/material-icons/-/material-icons-1.11.2.tgz",
      "integrity": "sha512-maKSVQNQEHrHXjKTPTwH0141hR2bC8fFUaX4bJzzwVRs7jY+9A+jx0kH/lpgEGIPoYR8gho4iLDvWN3mBRL53A=="
    },
    "nanoid": {
      "version": "3.3.4",
      "resolved": "https://registry.npmjs.org/nanoid/-/nanoid-3.3.4.tgz",
      "integrity": "sha512-MqBkQh/OHTS2egovRtLk45wEyNXwF+cokD+1YPf9u5VfJiRdAiRwB2froX5Co9Rh20xs4siNPm8naNotSD6RBw==",
      "dev": true
    },
    "path-parse": {
      "version": "1.0.7",
      "resolved": "https://registry.npmjs.org/path-parse/-/path-parse-1.0.7.tgz",
      "integrity": "sha512-LDJzPVEEEPR+y48z93A0Ed0yXb8pAByGWo/k5YYdYgpY2/2EsOsksJrq7lOHxryrVOn1ejG6oAp8ahvOIQD8sw==",
      "dev": true
    },
    "picocolors": {
      "version": "1.0.0",
      "resolved": "https://registry.npmjs.org/picocolors/-/picocolors-1.0.0.tgz",
      "integrity": "sha512-1fygroTLlHu66zi26VoTDv8yRgm0Fccecssto+MhsZ0D/DGW2sm8E8AjW7NU5VVTRt5GxbeZ5qBuJr+HyLYkjQ==",
      "dev": true
    },
    "postcss": {
      "version": "8.4.14",
      "resolved": "https://registry.npmjs.org/postcss/-/postcss-8.4.14.tgz",
      "integrity": "sha512-E398TUmfAYFPBSdzgeieK2Y1+1cpdxJx8yXbK/m57nRhKSmk1GB2tO4lbLBtlkfPQTDKfe4Xqv1ASWPpayPEig==",
      "dev": true,
      "requires": {
        "nanoid": "^3.3.4",
        "picocolors": "^1.0.0",
        "source-map-js": "^1.0.2"
      }
    },
    "resolve": {
      "version": "1.22.0",
      "resolved": "https://registry.npmjs.org/resolve/-/resolve-1.22.0.tgz",
      "integrity": "sha512-Hhtrw0nLeSrFQ7phPp4OOcVjLPIeMnRlr5mcnVuMe7M/7eBn98A3hmFRLoFo3DLZkivSYwhRUJTyPyWAk56WLw==",
      "dev": true,
      "requires": {
        "is-core-module": "^2.8.1",
        "path-parse": "^1.0.7",
        "supports-preserve-symlinks-flag": "^1.0.0"
      }
    },
    "rollup": {
      "version": "2.75.6",
      "resolved": "https://registry.npmjs.org/rollup/-/rollup-2.75.6.tgz",
      "integrity": "sha512-OEf0TgpC9vU6WGROJIk1JA3LR5vk/yvqlzxqdrE2CzzXnqKXNzbAwlWUXis8RS3ZPe7LAq+YUxsRa0l3r27MLA==",
      "dev": true,
      "requires": {
        "fsevents": "~2.3.2"
      }
    },
    "source-map-js": {
      "version": "1.0.2",
      "resolved": "https://registry.npmjs.org/source-map-js/-/source-map-js-1.0.2.tgz",
      "integrity": "sha512-R0XvVJ9WusLiqTCEiGCmICCMplcCkIwwR11mOSD9CR5u+IXYdiseeEuXCVAjS54zqwkLcPNnmU4OeJ6tUrWhDw==",
      "dev": true
    },
    "supports-preserve-symlinks-flag": {
      "version": "1.0.0",
      "resolved": "https://registry.npmjs.org/supports-preserve-symlinks-flag/-/supports-preserve-symlinks-flag-1.0.0.tgz",
      "integrity": "sha512-ot0WnXS9fgdkgIcePe6RHNk1WA8+muPa6cSjeR3V8K27q9BB1rTE3R1p7Hv0z1ZyAc8s6Vvv8DIyWf681MAt0w==",
      "dev": true
    },
    "tslib": {
      "version": "2.3.1",
      "resolved": "https://registry.npmjs.org/tslib/-/tslib-2.3.1.tgz",
      "integrity": "sha512-77EbyPPpMz+FRFRuAFlWMtmgUWGe9UOG2Z25NqCwiIjRhOf5iKGuzSe5P2w1laq+FkRy4p+PCuVkJSGkzTEKVw=="
    },
    "vite": {
      "version": "2.9.12",
      "resolved": "https://registry.npmjs.org/vite/-/vite-2.9.12.tgz",
      "integrity": "sha512-suxC36dQo9Rq1qMB2qiRorNJtJAdxguu5TMvBHOc/F370KvqAe9t48vYp+/TbPKRNrMh/J55tOUmkuIqstZaew==",
      "dev": true,
      "requires": {
        "esbuild": "^0.14.27",
        "fsevents": "~2.3.2",
        "postcss": "^8.4.13",
        "resolve": "^1.22.0",
        "rollup": "^2.59.0"
      }
    }
  }
}
